
Microsoft Visual Studio Solution File, Format Version 12.00
# Visual Studio Version 16
VisualStudioVersion = 16.0.31410.357
MinimumVisualStudioVersion = 10.0.40219.1
Project("{9A19103F-16F7-4668-BE54-9A1E7A4F7556}") = "MealAndFitApp", "MealAndFitApp\MealAndFitApp.csproj", "{1CE7134C-FC19-4128-AD4F-7F5C651037AE}"
EndProject
Project("{9A19103F-16F7-4668-BE54-9A1E7A4F7556}") = "Infrastructure", "Infrastructure\Infrastructure.csproj", "{A51EBB7E-7274-47C0-B6A4-DF0B2D0AD679}"
EndProject
Project("{FAE04EC0-301F-11D3-BF4B-00C04F79EFBC}") = "BussinesLayer", "BussinesLayer\BussinesLayer.csproj", "{014818EC-70CD-4B84-81C8-DC8F3ADC3EA5}"
EndProject
Global
	GlobalSection(SolutionConfigurationPlatforms) = preSolution
		64x|Any CPU = 64x|Any CPU
		Debug|Any CPU = Debug|Any CPU
		Release|Any CPU = Release|Any CPU
	EndGlobalSection
	GlobalSection(ProjectConfigurationPlatforms) = postSolution
		{1CE7134C-FC19-4128-AD4F-7F5C651037AE}.64x|Any CPU.ActiveCfg = 64x|Any CPU
		{1CE7134C-FC19-4128-AD4F-7F5C651037AE}.64x|Any CPU.Build.0 = 64x|Any CPU
		{1CE7134C-FC19-4128-AD4F-7F5C651037AE}.Debug|Any CPU.ActiveCfg = Debug|Any CPU
		{1CE7134C-FC19-4128-AD4F-7F5C651037AE}.Debug|Any CPU.Build.0 = Debug|Any CPU
		{1CE7134C-FC19-4128-AD4F-7F5C651037AE}.Release|Any CPU.ActiveCfg = Release|Any CPU
		{1CE7134C-FC19-4128-AD4F-7F5C651037AE}.Release|Any CPU.Build.0 = Release|Any CPU
		{A51EBB7E-7274-47C0-B6A4-DF0B2D0AD679}.64x|Any CPU.ActiveCfg = 64x|Any CPU
		{A51EBB7E-7274-47C0-B6A4-DF0B2D0AD679}.64x|Any CPU.Build.0 = 64x|Any CPU
		{A51EBB7E-7274-47C0-B6A4-DF0B2D0AD679}.Debug|Any CPU.ActiveCfg = Debug|Any CPU
		{A51EBB7E-7274-47C0-B6A4-DF0B2D0AD679}.Debug|Any CPU.Build.0 = Debug|Any CPU
		{A51EBB7E-7274-47C0-B6A4-DF0B2D0AD679}.Release|Any CPU.ActiveCfg = Release|Any CPU
		{A51EBB7E-7274-47C0-B6A4-DF0B2D0AD679}.Release|Any CPU.Build.0 = Release|Any CPU
		{014818EC-70CD-4B84-81C8-DC8F3ADC3EA5}.64x|Any CPU.ActiveCfg = Debug|Any CPU
		{014818EC-70CD-4B84-81C8-DC8F3ADC3EA5}.64x|Any CPU.Build.0 = Debug|Any CPU
		{014818EC-70CD-4B84-81C8-DC8F3ADC3EA5}.Debug|Any CPU.ActiveCfg = Debug|Any CPU
		{014818EC-70CD-4B84-81C8-DC8F3ADC3EA5}.Debug|Any CPU.Build.0 = Debug|Any CPU
		{014818EC-70CD-4B84-81C8-DC8F3ADC3EA5}.Release|Any CPU.ActiveCfg = Release|Any CPU
		{014818EC-70CD-4B84-81C8-DC8F3ADC3EA5}.Release|Any CPU.Build.0 = Release|Any CPU
	EndGlobalSection
	GlobalSection(SolutionProperties) = preSolution
		HideSolutionNode = FALSE
	EndGlobalSection
	GlobalSection(ExtensibilityGlobals) = postSolution
		SolutionGuid = {F8F9F6B0-1FBF-4657-9DEB-F0D968F78CB5}
	EndGlobalSection
EndGlobal
